github.com/indexdata/go-utils v0.0.0-20241205160758-6eb91e66be34 h1:p2tRLUnA3eMkRt6naWPjMhXXmJ5knGF5NPKtjQp0m7w=
github.com/indexdata/go-utils v0.0.0-20241205160758-6eb91e66be34/go.mod h1:0sW6Szxv8GNU3LBtK6mgBKDEUnlovPfghiG9xi+i0R8=
github.com/indexdata/xsd2goxsl v1.1.0 h1:HBh3F9Ie65hsR6K7X17KgPlENtcuFjZ7jaeBwoFnp2M=
github.com/indexdata/xsd2goxsl v1.1.0/go.mod h1:8sXNGyaUfpRCgSCamB5p9GQNLyPHF5N2MYBrhWSss8Y=
